
Microsoft Visual Studio Solution File, Format Version 12.00
# Visual Studio Version 17
VisualStudioVersion = 17.8.34511.84
MinimumVisualStudioVersion = 10.0.40219.1
Project("{FAE04EC0-301F-11D3-BF4B-00C04F79EFBC}") = "CrawlBookData", "CrawlBookData\CrawlBookData.csproj", "{7D49CC62-B623-4BB4-B995-EBA2CF3D64B1}"
EndProject
Global
	GlobalSection(SolutionConfigurationPlatforms) = preSolution
		Debug|Any CPU = Debug|Any CPU
		Release|Any CPU = Release|Any CPU
	EndGlobalSection
	GlobalSection(ProjectConfigurationPlatforms) = postSolution
		{7D49CC62-B623-4BB4-B995-EBA2CF3D64B1}.Debug|Any CPU.ActiveCfg = Debug|Any CPU
		{7D49CC62-B623-4BB4-B995-EBA2CF3D64B1}.Debug|Any CPU.Build.0 = Debug|Any CPU
		{7D49CC62-B623-4BB4-B995-EBA2CF3D64B1}.Release|Any CPU.ActiveCfg = Release|Any CPU
		{7D49CC62-B623-4BB4-B995-EBA2CF3D64B1}.Release|Any CPU.Build.0 = Release|Any CPU
	EndGlobalSection
	GlobalSection(SolutionProperties) = preSolution
		HideSolutionNode = FALSE
	EndGlobalSection
	GlobalSection(ExtensibilityGlobals) = postSolution
		SolutionGuid = {5F9AEFEC-156B-4B83-B3FF-36C121EE32B7}
	EndGlobalSection
EndGlobal
